
Microsoft Visual Studio Solution File, Format Version 12.00
# Visual Studio Version 16
VisualStudioVersion = 16.0.29201.188
MinimumVisualStudioVersion = 10.0.40219.1
Project("{FAE04EC0-301F-11D3-BF4B-00C04F79EFBC}") = "TestUtil", "TestUtil\TestUtil.csproj", "{31064866-E7BC-4CA3-B043-5F58EA7EFA0F}"
EndProject
Project("{FAE04EC0-301F-11D3-BF4B-00C04F79EFBC}") = "EveryThingTest", "EveryThingTest\EveryThingTest.csproj", "{1695F695-BE09-4019-A2FC-F466C3FC333A}"
EndProject
Global
	GlobalSection(SolutionConfigurationPlatforms) = preSolution
		Debug|Any CPU = Debug|Any CPU
		Release|Any CPU = Release|Any CPU
	EndGlobalSection
	GlobalSection(ProjectConfigurationPlatforms) = postSolution
		{31064866-E7BC-4CA3-B043-5F58EA7EFA0F}.Debug|Any CPU.ActiveCfg = Debug|Any CPU
		{31064866-E7BC-4CA3-B043-5F58EA7EFA0F}.Debug|Any CPU.Build.0 = Debug|Any CPU
		{31064866-E7BC-4CA3-B043-5F58EA7EFA0F}.Release|Any CPU.ActiveCfg = Release|Any CPU
		{31064866-E7BC-4CA3-B043-5F58EA7EFA0F}.Release|Any CPU.Build.0 = Release|Any CPU
		{1695F695-BE09-4019-A2FC-F466C3FC333A}.Debug|Any CPU.ActiveCfg = Debug|Any CPU
		{1695F695-BE09-4019-A2FC-F466C3FC333A}.Debug|Any CPU.Build.0 = Debug|Any CPU
		{1695F695-BE09-4019-A2FC-F466C3FC333A}.Release|Any CPU.ActiveCfg = Release|Any CPU
		{1695F695-BE09-4019-A2FC-F466C3FC333A}.Release|Any CPU.Build.0 = Release|Any CPU
	EndGlobalSection
	GlobalSection(SolutionProperties) = preSolution
		HideSolutionNode = FALSE
	EndGlobalSection
	GlobalSection(ExtensibilityGlobals) = postSolution
		SolutionGuid = {DF3E216D-3F89-44AF-80E2-1C807C85464C}
	EndGlobalSection
EndGlobal
